
Microsoft Visual Studio Solution File, Format Version 12.00
Project("{FAE04EC0-301F-11D3-BF4B-00C04F79EFBC}") = "Rogero.FluentMigrator.Poco.Tests", "Rogero.FluentMigrator.Poco.Tests\Rogero.FluentMigrator.Poco.Tests.csproj", "{0A21A8A9-8B1C-4DBE-A04A-459950D9EA54}"
EndProject
Project("{FAE04EC0-301F-11D3-BF4B-00C04F79EFBC}") = "Rogero.FluentMigrator.Poco", "Rogero.FluentMigrator.Poco\Rogero.FluentMigrator.Poco.csproj", "{DC70B0AA-497D-4194-A3AC-17258452042E}"
EndProject
Project("{FAE04EC0-301F-11D3-BF4B-00C04F79EFBC}") = "UniqueDb.ConnectionProvider", "..\..\UniqueDb.ConnectionProvider\src\UniqueDb.ConnectionProvider\UniqueDb.ConnectionProvider.csproj", "{3491B06C-3327-4F28-8F3B-A284CDFDC99C}"
EndProject
Project("{FAE04EC0-301F-11D3-BF4B-00C04F79EFBC}") = "Rogero.Common", "..\..\Rogero.Common\src\Rogero.Common\Rogero.Common\Rogero.Common.csproj", "{CEA58768-4FDF-4DFB-BA9C-2524B6D50FEA}"
EndProject
Global
	GlobalSection(SolutionConfigurationPlatforms) = preSolution
		Debug|Any CPU = Debug|Any CPU
		Release|Any CPU = Release|Any CPU
	EndGlobalSection
	GlobalSection(ProjectConfigurationPlatforms) = postSolution
		{0A21A8A9-8B1C-4DBE-A04A-459950D9EA54}.Debug|Any CPU.ActiveCfg = Debug|Any CPU
		{0A21A8A9-8B1C-4DBE-A04A-459950D9EA54}.Debug|Any CPU.Build.0 = Debug|Any CPU
		{0A21A8A9-8B1C-4DBE-A04A-459950D9EA54}.Release|Any CPU.ActiveCfg = Release|Any CPU
		{0A21A8A9-8B1C-4DBE-A04A-459950D9EA54}.Release|Any CPU.Build.0 = Release|Any CPU
		{DC70B0AA-497D-4194-A3AC-17258452042E}.Debug|Any CPU.ActiveCfg = Debug|Any CPU
		{DC70B0AA-497D-4194-A3AC-17258452042E}.Debug|Any CPU.Build.0 = Debug|Any CPU
		{DC70B0AA-497D-4194-A3AC-17258452042E}.Release|Any CPU.ActiveCfg = Release|Any CPU
		{DC70B0AA-497D-4194-A3AC-17258452042E}.Release|Any CPU.Build.0 = Release|Any CPU
		{3491B06C-3327-4F28-8F3B-A284CDFDC99C}.Debug|Any CPU.ActiveCfg = Debug|Any CPU
		{3491B06C-3327-4F28-8F3B-A284CDFDC99C}.Debug|Any CPU.Build.0 = Debug|Any CPU
		{3491B06C-3327-4F28-8F3B-A284CDFDC99C}.Release|Any CPU.ActiveCfg = Release|Any CPU
		{3491B06C-3327-4F28-8F3B-A284CDFDC99C}.Release|Any CPU.Build.0 = Release|Any CPU
		{CEA58768-4FDF-4DFB-BA9C-2524B6D50FEA}.Debug|Any CPU.ActiveCfg = Debug|Any CPU
		{CEA58768-4FDF-4DFB-BA9C-2524B6D50FEA}.Debug|Any CPU.Build.0 = Debug|Any CPU
		{CEA58768-4FDF-4DFB-BA9C-2524B6D50FEA}.Release|Any CPU.ActiveCfg = Release|Any CPU
		{CEA58768-4FDF-4DFB-BA9C-2524B6D50FEA}.Release|Any CPU.Build.0 = Release|Any CPU
	EndGlobalSection
EndGlobal
